
Microsoft Visual Studio Solution File, Format Version 12.00
# Visual Studio Version 16
VisualStudioVersion = 16.0.31911.196
MinimumVisualStudioVersion = 10.0.40219.1
Project("{FAE04EC0-301F-11D3-BF4B-00C04F79EFBC}") = "Massiv2", "Massiv2.csproj", "{DECAC31A-53C8-49CF-8FCA-832146B364B9}"
EndProject
Global
	GlobalSection(SolutionConfigurationPlatforms) = preSolution
		Debug|Any CPU = Debug|Any CPU
		Release|Any CPU = Release|Any CPU
	EndGlobalSection
	GlobalSection(ProjectConfigurationPlatforms) = postSolution
		{DECAC31A-53C8-49CF-8FCA-832146B364B9}.Debug|Any CPU.ActiveCfg = Debug|Any CPU
		{DECAC31A-53C8-49CF-8FCA-832146B364B9}.Debug|Any CPU.Build.0 = Debug|Any CPU
		{DECAC31A-53C8-49CF-8FCA-832146B364B9}.Release|Any CPU.ActiveCfg = Release|Any CPU
		{DECAC31A-53C8-49CF-8FCA-832146B364B9}.Release|Any CPU.Build.0 = Release|Any CPU
	EndGlobalSection
	GlobalSection(SolutionProperties) = preSolution
		HideSolutionNode = FALSE
	EndGlobalSection
	GlobalSection(ExtensibilityGlobals) = postSolution
		SolutionGuid = {F8196AB7-CA5D-4B66-BC68-6095BC68911A}
	EndGlobalSection
EndGlobal
